
Microsoft Visual Studio Solution File, Format Version 12.00
# Visual Studio Version 16
VisualStudioVersion = 16.0.29102.190
MinimumVisualStudioVersion = 10.0.40219.1
Project("{8BC9CEB8-8B4A-11D0-8D11-00A0C91BC942}") = "0811", "0811.vcxproj", "{28377D6A-2239-40D1-B317-CDA2BA9B20A3}"
EndProject
Global
	GlobalSection(SolutionConfigurationPlatforms) = preSolution
		Debug|x64 = Debug|x64
		Debug|x86 = Debug|x86
		Release|x64 = Release|x64
		Release|x86 = Release|x86
	EndGlobalSection
	GlobalSection(ProjectConfigurationPlatforms) = postSolution
		{28377D6A-2239-40D1-B317-CDA2BA9B20A3}.Debug|x64.ActiveCfg = Debug|x64
		{28377D6A-2239-40D1-B317-CDA2BA9B20A3}.Debug|x64.Build.0 = Debug|x64
		{28377D6A-2239-40D1-B317-CDA2BA9B20A3}.Debug|x86.ActiveCfg = Debug|Win32
		{28377D6A-2239-40D1-B317-CDA2BA9B20A3}.Debug|x86.Build.0 = Debug|Win32
		{28377D6A-2239-40D1-B317-CDA2BA9B20A3}.Release|x64.ActiveCfg = Release|x64
		{28377D6A-2239-40D1-B317-CDA2BA9B20A3}.Release|x64.Build.0 = Release|x64
		{28377D6A-2239-40D1-B317-CDA2BA9B20A3}.Release|x86.ActiveCfg = Release|Win32
		{28377D6A-2239-40D1-B317-CDA2BA9B20A3}.Release|x86.Build.0 = Release|Win32
	EndGlobalSection
	GlobalSection(SolutionProperties) = preSolution
		HideSolutionNode = FALSE
	EndGlobalSection
	GlobalSection(ExtensibilityGlobals) = postSolution
		SolutionGuid = {27D59BD7-2A23-4DDB-8978-004F71319AB1}
	EndGlobalSection
EndGlobal
