
Microsoft Visual Studio Solution File, Format Version 12.00
# Visual Studio Version 16
VisualStudioVersion = 16.0.29102.190
MinimumVisualStudioVersion = 10.0.40219.1
Project("{8BC9CEB8-8B4A-11D0-8D11-00A0C91BC942}") = "0631", "0631.vcxproj", "{C85013E9-715F-4C8A-B386-2F703DF1AC17}"
EndProject
Global
	GlobalSection(SolutionConfigurationPlatforms) = preSolution
		Debug|x64 = Debug|x64
		Debug|x86 = Debug|x86
		Release|x64 = Release|x64
		Release|x86 = Release|x86
	EndGlobalSection
	GlobalSection(ProjectConfigurationPlatforms) = postSolution
		{C85013E9-715F-4C8A-B386-2F703DF1AC17}.Debug|x64.ActiveCfg = Debug|x64
		{C85013E9-715F-4C8A-B386-2F703DF1AC17}.Debug|x64.Build.0 = Debug|x64
		{C85013E9-715F-4C8A-B386-2F703DF1AC17}.Debug|x86.ActiveCfg = Debug|Win32
		{C85013E9-715F-4C8A-B386-2F703DF1AC17}.Debug|x86.Build.0 = Debug|Win32
		{C85013E9-715F-4C8A-B386-2F703DF1AC17}.Release|x64.ActiveCfg = Release|x64
		{C85013E9-715F-4C8A-B386-2F703DF1AC17}.Release|x64.Build.0 = Release|x64
		{C85013E9-715F-4C8A-B386-2F703DF1AC17}.Release|x86.ActiveCfg = Release|Win32
		{C85013E9-715F-4C8A-B386-2F703DF1AC17}.Release|x86.Build.0 = Release|Win32
	EndGlobalSection
	GlobalSection(SolutionProperties) = preSolution
		HideSolutionNode = FALSE
	EndGlobalSection
	GlobalSection(ExtensibilityGlobals) = postSolution
		SolutionGuid = {438B520B-CCA1-47F2-AB67-6E016672D229}
	EndGlobalSection
EndGlobal
