
Microsoft Visual Studio Solution File, Format Version 12.00
# Visual Studio Version 16
VisualStudioVersion = 16.0.29102.190
MinimumVisualStudioVersion = 10.0.40219.1
Project("{8BC9CEB8-8B4A-11D0-8D11-00A0C91BC942}") = "0712", "0712.vcxproj", "{A703D05B-9403-46C8-977C-69284811148F}"
EndProject
Global
	GlobalSection(SolutionConfigurationPlatforms) = preSolution
		Debug|x64 = Debug|x64
		Debug|x86 = Debug|x86
		Release|x64 = Release|x64
		Release|x86 = Release|x86
	EndGlobalSection
	GlobalSection(ProjectConfigurationPlatforms) = postSolution
		{A703D05B-9403-46C8-977C-69284811148F}.Debug|x64.ActiveCfg = Debug|x64
		{A703D05B-9403-46C8-977C-69284811148F}.Debug|x64.Build.0 = Debug|x64
		{A703D05B-9403-46C8-977C-69284811148F}.Debug|x86.ActiveCfg = Debug|Win32
		{A703D05B-9403-46C8-977C-69284811148F}.Debug|x86.Build.0 = Debug|Win32
		{A703D05B-9403-46C8-977C-69284811148F}.Release|x64.ActiveCfg = Release|x64
		{A703D05B-9403-46C8-977C-69284811148F}.Release|x64.Build.0 = Release|x64
		{A703D05B-9403-46C8-977C-69284811148F}.Release|x86.ActiveCfg = Release|Win32
		{A703D05B-9403-46C8-977C-69284811148F}.Release|x86.Build.0 = Release|Win32
	EndGlobalSection
	GlobalSection(SolutionProperties) = preSolution
		HideSolutionNode = FALSE
	EndGlobalSection
	GlobalSection(ExtensibilityGlobals) = postSolution
		SolutionGuid = {04CC455B-D1DA-42CD-8CCC-E520E0A1FC77}
	EndGlobalSection
EndGlobal
