
Microsoft Visual Studio Solution File, Format Version 12.00
# Visual Studio Version 16
VisualStudioVersion = 16.0.29102.190
MinimumVisualStudioVersion = 10.0.40219.1
Project("{8BC9CEB8-8B4A-11D0-8D11-00A0C91BC942}") = "0618", "0618.vcxproj", "{553CF2DF-F790-4077-9C3A-1C8CFDEDC96F}"
EndProject
Global
	GlobalSection(SolutionConfigurationPlatforms) = preSolution
		Debug|x64 = Debug|x64
		Debug|x86 = Debug|x86
		Release|x64 = Release|x64
		Release|x86 = Release|x86
	EndGlobalSection
	GlobalSection(ProjectConfigurationPlatforms) = postSolution
		{553CF2DF-F790-4077-9C3A-1C8CFDEDC96F}.Debug|x64.ActiveCfg = Debug|x64
		{553CF2DF-F790-4077-9C3A-1C8CFDEDC96F}.Debug|x64.Build.0 = Debug|x64
		{553CF2DF-F790-4077-9C3A-1C8CFDEDC96F}.Debug|x86.ActiveCfg = Debug|Win32
		{553CF2DF-F790-4077-9C3A-1C8CFDEDC96F}.Debug|x86.Build.0 = Debug|Win32
		{553CF2DF-F790-4077-9C3A-1C8CFDEDC96F}.Release|x64.ActiveCfg = Release|x64
		{553CF2DF-F790-4077-9C3A-1C8CFDEDC96F}.Release|x64.Build.0 = Release|x64
		{553CF2DF-F790-4077-9C3A-1C8CFDEDC96F}.Release|x86.ActiveCfg = Release|Win32
		{553CF2DF-F790-4077-9C3A-1C8CFDEDC96F}.Release|x86.Build.0 = Release|Win32
	EndGlobalSection
	GlobalSection(SolutionProperties) = preSolution
		HideSolutionNode = FALSE
	EndGlobalSection
	GlobalSection(ExtensibilityGlobals) = postSolution
		SolutionGuid = {CAA35E26-BDF0-4EC5-A366-7E31A69AB147}
	EndGlobalSection
EndGlobal
